
Microsoft Visual Studio Solution File, Format Version 12.00
# Visual Studio Version 17
VisualStudioVersion = 17.8.34525.116
MinimumVisualStudioVersion = 10.0.40219.1
Project("{FAE04EC0-301F-11D3-BF4B-00C04F79EFBC}") = "ProductManagementApp", "ProductManagementApp.csproj", "{AE0F7D89-E949-4F21-917C-55256276743B}"
EndProject
Project("{FAE04EC0-301F-11D3-BF4B-00C04F79EFBC}") = "ProductManagementApp.DAL", "..\ProductManagementApp.DAL\ProductManagementApp.DAL.csproj", "{7F52B0FB-0AEE-446F-8388-ACC24C3E657B}"
EndProject
Global
	GlobalSection(SolutionConfigurationPlatforms) = preSolution
		Debug|Any CPU = Debug|Any CPU
		Release|Any CPU = Release|Any CPU
	EndGlobalSection
	GlobalSection(ProjectConfigurationPlatforms) = postSolution
		{AE0F7D89-E949-4F21-917C-55256276743B}.Debug|Any CPU.ActiveCfg = Debug|Any CPU
		{AE0F7D89-E949-4F21-917C-55256276743B}.Debug|Any CPU.Build.0 = Debug|Any CPU
		{AE0F7D89-E949-4F21-917C-55256276743B}.Release|Any CPU.ActiveCfg = Release|Any CPU
		{AE0F7D89-E949-4F21-917C-55256276743B}.Release|Any CPU.Build.0 = Release|Any CPU
		{7F52B0FB-0AEE-446F-8388-ACC24C3E657B}.Debug|Any CPU.ActiveCfg = Debug|Any CPU
		{7F52B0FB-0AEE-446F-8388-ACC24C3E657B}.Debug|Any CPU.Build.0 = Debug|Any CPU
		{7F52B0FB-0AEE-446F-8388-ACC24C3E657B}.Release|Any CPU.ActiveCfg = Release|Any CPU
		{7F52B0FB-0AEE-446F-8388-ACC24C3E657B}.Release|Any CPU.Build.0 = Release|Any CPU
	EndGlobalSection
	GlobalSection(SolutionProperties) = preSolution
		HideSolutionNode = FALSE
	EndGlobalSection
	GlobalSection(ExtensibilityGlobals) = postSolution
		SolutionGuid = {0A08F3B4-461B-4F50-80F5-26069625CE9F}
	EndGlobalSection
EndGlobal
